
Microsoft Visual Studio Solution File, Format Version 12.00
Project("{FAE04EC0-301F-11D3-BF4B-00C04F79EFBC}") = "SMSGateway", "SMSGateway\SMSGateway.csproj", "{2209C58B-2478-4B7D-A1EA-F641920E274D}"
EndProject
Project("{FAE04EC0-301F-11D3-BF4B-00C04F79EFBC}") = "SMS", "SMS\SMS.csproj", "{FAFA7073-7A18-425F-86AE-63A02A7096E5}"
EndProject
Project("{FAE04EC0-301F-11D3-BF4B-00C04F79EFBC}") = "SmsGateway.Service", "SmsGateway.Service\SmsGateway.Service.csproj", "{CE9A7874-29CD-47C8-850F-E601F9803D12}"
EndProject
Project("{FAE04EC0-301F-11D3-BF4B-00C04F79EFBC}") = "SMSGateway.Managers", "SMSGateway.Managers\SMSGateway.Managers.csproj", "{BE6DBDB1-C2E5-468D-80B8-B887B5D48F43}"
EndProject
Project("{FAE04EC0-301F-11D3-BF4B-00C04F79EFBC}") = "SMSGateway.Repositories", "SMSGateway.Repositories\SMSGateway.Repositories.csproj", "{38673003-F9C0-4317-B2B7-B862A66F61CE}"
EndProject
Project("{FAE04EC0-301F-11D3-BF4B-00C04F79EFBC}") = "SMSGateway.Base", "SMSGateway.Base\SMSGateway.Base.csproj", "{827E3BE0-FCF7-4808-86C2-F1954BF562EC}"
EndProject
Global
	GlobalSection(SolutionConfigurationPlatforms) = preSolution
		Debug|Any CPU = Debug|Any CPU
		Release|Any CPU = Release|Any CPU
	EndGlobalSection
	GlobalSection(ProjectConfigurationPlatforms) = postSolution
		{2209C58B-2478-4B7D-A1EA-F641920E274D}.Debug|Any CPU.ActiveCfg = Debug|Any CPU
		{2209C58B-2478-4B7D-A1EA-F641920E274D}.Debug|Any CPU.Build.0 = Debug|Any CPU
		{2209C58B-2478-4B7D-A1EA-F641920E274D}.Release|Any CPU.ActiveCfg = Release|Any CPU
		{2209C58B-2478-4B7D-A1EA-F641920E274D}.Release|Any CPU.Build.0 = Release|Any CPU
		{FAFA7073-7A18-425F-86AE-63A02A7096E5}.Debug|Any CPU.ActiveCfg = Debug|Any CPU
		{FAFA7073-7A18-425F-86AE-63A02A7096E5}.Debug|Any CPU.Build.0 = Debug|Any CPU
		{FAFA7073-7A18-425F-86AE-63A02A7096E5}.Release|Any CPU.ActiveCfg = Release|Any CPU
		{FAFA7073-7A18-425F-86AE-63A02A7096E5}.Release|Any CPU.Build.0 = Release|Any CPU
		{CE9A7874-29CD-47C8-850F-E601F9803D12}.Debug|Any CPU.ActiveCfg = Debug|Any CPU
		{CE9A7874-29CD-47C8-850F-E601F9803D12}.Debug|Any CPU.Build.0 = Debug|Any CPU
		{CE9A7874-29CD-47C8-850F-E601F9803D12}.Release|Any CPU.ActiveCfg = Release|Any CPU
		{CE9A7874-29CD-47C8-850F-E601F9803D12}.Release|Any CPU.Build.0 = Release|Any CPU
		{BE6DBDB1-C2E5-468D-80B8-B887B5D48F43}.Debug|Any CPU.ActiveCfg = Debug|Any CPU
		{BE6DBDB1-C2E5-468D-80B8-B887B5D48F43}.Debug|Any CPU.Build.0 = Debug|Any CPU
		{BE6DBDB1-C2E5-468D-80B8-B887B5D48F43}.Release|Any CPU.ActiveCfg = Release|Any CPU
		{BE6DBDB1-C2E5-468D-80B8-B887B5D48F43}.Release|Any CPU.Build.0 = Release|Any CPU
		{38673003-F9C0-4317-B2B7-B862A66F61CE}.Debug|Any CPU.ActiveCfg = Debug|Any CPU
		{38673003-F9C0-4317-B2B7-B862A66F61CE}.Debug|Any CPU.Build.0 = Debug|Any CPU
		{38673003-F9C0-4317-B2B7-B862A66F61CE}.Release|Any CPU.ActiveCfg = Release|Any CPU
		{38673003-F9C0-4317-B2B7-B862A66F61CE}.Release|Any CPU.Build.0 = Release|Any CPU
		{827E3BE0-FCF7-4808-86C2-F1954BF562EC}.Debug|Any CPU.ActiveCfg = Debug|Any CPU
		{827E3BE0-FCF7-4808-86C2-F1954BF562EC}.Debug|Any CPU.Build.0 = Debug|Any CPU
		{827E3BE0-FCF7-4808-86C2-F1954BF562EC}.Release|Any CPU.ActiveCfg = Release|Any CPU
		{827E3BE0-FCF7-4808-86C2-F1954BF562EC}.Release|Any CPU.Build.0 = Release|Any CPU
	EndGlobalSection
EndGlobal
